<?xml version="1.0" encoding="UTF-8" standalone="yes" ?>
<CodeBlocks_project_file>
	<FileVersion major="1" minor="6" />
	<Project>
		<Option title="期末c++ xct" />
		<Option pch_mode="2" />
		<Option compiler="gcc" />
		<Build>
			<Target title="Debug">
				<Option output="bin/Debug/期末c++ xct" prefix_auto="1" extension_auto="1" />
				<Option object_output="obj/Debug/" />
				<Option type="1" />
				<Option compiler="gcc" />
				<Compiler>
					<Add option="-g" />
				</Compiler>
			</Target>
			<Target title="Release">
				<Option output="bin/Release/期末c++ xct" prefix_auto="1" extension_auto="1" />
				<Option object_output="obj/Release/" />
				<Option type="1" />
				<Option compiler="gcc" />
				<Compiler>
					<Add option="-O2" />
				</Compiler>
				<Linker>
					<Add option="-s" />
				</Linker>
			</Target>
		</Build>
		<Compiler>
			<Add option="-Wall" />
			<Add option="-fexceptions" />
		</Compiler>
		<Unit filename="Add.cpp" />
		<Unit filename="Add_1.cpp" />
		<Unit filename="Basic(weibo).cpp" />
		<Unit filename="Basic(weixin).cpp" />
		<Unit filename="Basic.cpp" />
		<Unit filename="Basic.h" />
		<Unit filename="Changename.cpp" />
		<Unit filename="Check.cpp" />
		<Unit filename="Check_1.cpp" />
		<Unit filename="Delete.cpp" />
		<Unit filename="Delete_1.cpp" />
		<Unit filename="groupA.cpp" />
		<Unit filename="groupT.cpp" />
		<Unit filename="main.cpp" />
		<Unit filename="qqdenglu.cpp" />
		<Unit filename="seek.cpp" />
		<Unit filename="seek_1.cpp" />
		<Unit filename="weibodenglu.cpp" />
		<Unit filename="weixindenglu.cpp" />
		<Extensions>
			<code_completion />
			<envvars />
			<debugger />
			<lib_finder disable_auto="1" />
		</Extensions>
	</Project>
</CodeBlocks_project_file>
